// !$*UTF8*$!
{
	archiveVersion = 1;
	classes = {
	};
	objectVersion = 46;
	objects = {

/* Begin PBXBuildFile section */
		8305CF8E1865C15A00D75140 /* Foundation.framework in Frameworks */ = {isa = PBXBuildFile; fileRef = 8305CF8D1865C15A00D75140 /* Foundation.framework */; };
		8305CF901865C15A00D75140 /* CoreGraphics.framework in Frameworks */ = {isa = PBXBuildFile; fileRef = 8305CF8F1865C15A00D75140 /* CoreGraphics.framework */; };
		8305CF921865C15A00D75140 /* UIKit.framework in Frameworks */ = {isa = PBXBuildFile; fileRef = 8305CF911865C15A00D75140 /* UIKit.framework */; };
		8305CF981865C15A00D75140 /* InfoPlist.strings in Resources */ = {isa = PBXBuildFile; fileRef = 8305CF961865C15A00D75140 /* InfoPlist.strings */; };
		8305CF9A1865C15A00D75140 /* main.m in Sources */ = {isa = PBXBuildFile; fileRef = 8305CF991865C15A00D75140 /* main.m */; };
		8305CF9E1865C15A00D75140 /* AppDelegate.m in Sources */ = {isa = PBXBuildFile; fileRef = 8305CF9D1865C15A00D75140 /* AppDelegate.m */; };
		8305CFA01865C15A00D75140 /* Images.xcassets in Resources */ = {isa = PBXBuildFile; fileRef = 8305CF9F1865C15A00D75140 /* Images.xcassets */; };
		8305CFA71865C15A00D75140 /* XCTest.framework in Frameworks */ = {isa = PBXBuildFile; fileRef = 8305CFA61865C15A00D75140 /* XCTest.framework */; };
		8305CFA81865C15A00D75140 /* Foundation.framework in Frameworks */ = {isa = PBXBuildFile; fileRef = 8305CF8D1865C15A00D75140 /* Foundation.framework */; };
		8305CFA91865C15A00D75140 /* UIKit.framework in Frameworks */ = {isa = PBXBuildFile; fileRef = 8305CF911865C15A00D75140 /* UIKit.framework */; };
		8305CFB11865C15A00D75140 /* InfoPlist.strings in Resources */ = {isa = PBXBuildFile; fileRef = 8305CFAF1865C15A00D75140 /* InfoPlist.strings */; };
		8305CFB31865C15A00D75140 /* CriticalInfrastructureFrameworkTests.m in Sources */ = {isa = PBXBuildFile; fileRef = 8305CFB21865C15A00D75140 /* CriticalInfrastructureFrameworkTests.m */; };
		8305CFBD1865C1D800D75140 /* CIFStoryboard.storyboard in Resources */ = {isa = PBXBuildFile; fileRef = 8305CFBC1865C1D800D75140 /* CIFStoryboard.storyboard */; };
		8305D0051866618300D75140 /* RegionsViewController.m in Sources */ = {isa = PBXBuildFile; fileRef = 8305D0041866618200D75140 /* RegionsViewController.m */; };
		8305D008186662E100D75140 /* Region.m in Sources */ = {isa = PBXBuildFile; fileRef = 8305D007186662E100D75140 /* Region.m */; };
		8305D014186702AA00D75140 /* RegionalViewController.m in Sources */ = {isa = PBXBuildFile; fileRef = 8305D013186702AA00D75140 /* RegionalViewController.m */; };
		8305D0171867031400D75140 /* RegionalData.m in Sources */ = {isa = PBXBuildFile; fileRef = 8305D0161867031400D75140 /* RegionalData.m */; };
		8305D01A1867DA8D00D75140 /* RegionalViewCell.m in Sources */ = {isa = PBXBuildFile; fileRef = 8305D0191867DA8D00D75140 /* RegionalViewCell.m */; };
		8305D01D1867ECF900D75140 /* UtilitiesViewController.m in Sources */ = {isa = PBXBuildFile; fileRef = 8305D01C1867ECF900D75140 /* UtilitiesViewController.m */; };
		8305D0201867ED1A00D75140 /* MedicalViewController.m in Sources */ = {isa = PBXBuildFile; fileRef = 8305D01F1867ED1A00D75140 /* MedicalViewController.m */; };
		8305D1121869BC0D00D75140 /* SegmentViewController.m in Sources */ = {isa = PBXBuildFile; fileRef = 8305D1111869BC0D00D75140 /* SegmentViewController.m */; };
/* End PBXBuildFile section */

/* Begin PBXContainerItemProxy section */
		8305CFAA1865C15A00D75140 /* PBXContainerItemProxy */ = {
			isa = PBXContainerItemProxy;
			containerPortal = 8305CF821865C15A00D75140 /* Project object */;
			proxyType = 1;
			remoteGlobalIDString = 8305CF891865C15A00D75140;
			remoteInfo = CriticalInfrastructureFramework;
		};
/* End PBXContainerItemProxy section */

/* Begin PBXFileReference section */
		8305CF8A1865C15A00D75140 /* CriticalInfrastructureFramework.app */ = {isa = PBXFileReference; explicitFileType = wrapper.application; includeInIndex = 0; path = CriticalInfrastructureFramework.app; sourceTree = BUILT_PRODUCTS_DIR; };
		8305CF8D1865C15A00D75140 /* Foundation.framework */ = {isa = PBXFileReference; lastKnownFileType = wrapper.framework; name = Foundation.framework; path = System/Library/Frameworks/Foundation.framework; sourceTree = SDKROOT; };
		8305CF8F1865C15A00D75140 /* CoreGraphics.framework */ = {isa = PBXFileReference; lastKnownFileType = wrapper.framework; name = CoreGraphics.framework; path = System/Library/Frameworks/CoreGraphics.framework; sourceTree = SDKROOT; };
		8305CF911865C15A00D75140 /* UIKit.framework */ = {isa = PBXFileReference; lastKnownFileType = wrapper.framework; name = UIKit.framework; path = System/Library/Frameworks/UIKit.framework; sourceTree = SDKROOT; };
		8305CF951865C15A00D75140 /* CriticalInfrastructureFramework-Info.plist */ = {isa = PBXFileReference; lastKnownFileType = text.plist.xml; path = "CriticalInfrastructureFramework-Info.plist"; sourceTree = "<group>"; };
		8305CF971865C15A00D75140 /* en */ = {isa = PBXFileReference; lastKnownFileType = text.plist.strings; name = en; path = en.lproj/InfoPlist.strings; sourceTree = "<group>"; };
		8305CF991865C15A00D75140 /* main.m */ = {isa = PBXFileReference; lastKnownFileType = sourcecode.c.objc; path = main.m; sourceTree = "<group>"; };
		8305CF9B1865C15A00D75140 /* CriticalInfrastructureFramework-Prefix.pch */ = {isa = PBXFileReference; lastKnownFileType = sourcecode.c.h; path = "CriticalInfrastructureFramework-Prefix.pch"; sourceTree = "<group>"; };
		8305CF9C1865C15A00D75140 /* AppDelegate.h */ = {isa = PBXFileReference; lastKnownFileType = sourcecode.c.h; path = AppDelegate.h; sourceTree = "<group>"; };
		8305CF9D1865C15A00D75140 /* AppDelegate.m */ = {isa = PBXFileReference; lastKnownFileType = sourcecode.c.objc; path = AppDelegate.m; sourceTree = "<group>"; };
		8305CF9F1865C15A00D75140 /* Images.xcassets */ = {isa = PBXFileReference; lastKnownFileType = folder.assetcatalog; path = Images.xcassets; sourceTree = "<group>"; };
		8305CFA51865C15A00D75140 /* CriticalInfrastructureFrameworkTests.xctest */ = {isa = PBXFileReference; explicitFileType = wrapper.cfbundle; includeInIndex = 0; path = CriticalInfrastructureFrameworkTests.xctest; sourceTree = BUILT_PRODUCTS_DIR; };
		8305CFA61865C15A00D75140 /* XCTest.framework */ = {isa = PBXFileReference; lastKnownFileType = wrapper.framework; name = XCTest.framework; path = Library/Frameworks/XCTest.framework; sourceTree = DEVELOPER_DIR; };
		8305CFAE1865C15A00D75140 /* CriticalInfrastructureFrameworkTests-Info.plist */ = {isa = PBXFileReference; lastKnownFileType = text.plist.xml; path = "CriticalInfrastructureFrameworkTests-Info.plist"; sourceTree = "<group>"; };
		8305CFB01865C15A00D75140 /* en */ = {isa = PBXFileReference; lastKnownFileType = text.plist.strings; name = en; path = en.lproj/InfoPlist.strings; sourceTree = "<group>"; };
		8305CFB21865C15A00D75140 /* CriticalInfrastructureFrameworkTests.m */ = {isa = PBXFileReference; lastKnownFileType = sourcecode.c.objc; path = CriticalInfrastructureFrameworkTests.m; sourceTree = "<group>"; };
		8305CFBC1865C1D800D75140 /* CIFStoryboard.storyboard */ = {isa = PBXFileReference; fileEncoding = 4; lastKnownFileType = file.storyboard; path = CIFStoryboard.storyboard; sourceTree = "<group>"; };
		8305D0031866618200D75140 /* RegionsViewController.h */ = {isa = PBXFileReference; fileEncoding = 4; lastKnownFileType = sourcecode.c.h; path = RegionsViewController.h; sourceTree = "<group>"; };
		8305D0041866618200D75140 /* RegionsViewController.m */ = {isa = PBXFileReference; fileEncoding = 4; lastKnownFileType = sourcecode.c.objc; path = RegionsViewController.m; sourceTree = "<group>"; };
		8305D006186662E100D75140 /* Region.h */ = {isa = PBXFileReference; fileEncoding = 4; lastKnownFileType = sourcecode.c.h; path = Region.h; sourceTree = "<group>"; };
		8305D007186662E100D75140 /* Region.m */ = {isa = PBXFileReference; fileEncoding = 4; lastKnownFileType = sourcecode.c.objc; path = Region.m; sourceTree = "<group>"; };
		8305D012186702AA00D75140 /* RegionalViewController.h */ = {isa = PBXFileReference; fileEncoding = 4; lastKnownFileType = sourcecode.c.h; path = RegionalViewController.h; sourceTree = "<group>"; };
		8305D013186702AA00D75140 /* RegionalViewController.m */ = {isa = PBXFileReference; fileEncoding = 4; lastKnownFileType = sourcecode.c.objc; path = RegionalViewController.m; sourceTree = "<group>"; };
		8305D0151867031400D75140 /* RegionalData.h */ = {isa = PBXFileReference; fileEncoding = 4; lastKnownFileType = sourcecode.c.h; path = RegionalData.h; sourceTree = "<group>"; };
		8305D0161867031400D75140 /* RegionalData.m */ = {isa = PBXFileReference; fileEncoding = 4; lastKnownFileType = sourcecode.c.objc; path = RegionalData.m; sourceTree = "<group>"; };
		8305D0181867DA8D00D75140 /* RegionalViewCell.h */ = {isa = PBXFileReference; fileEncoding = 4; lastKnownFileType = sourcecode.c.h; path = RegionalViewCell.h; sourceTree = "<group>"; };
		8305D0191867DA8D00D75140 /* RegionalViewCell.m */ = {isa = PBXFileReference; fileEncoding = 4; lastKnownFileType = sourcecode.c.objc; path = RegionalViewCell.m; sourceTree = "<group>"; };
		8305D01B1867ECF900D75140 /* UtilitiesViewController.h */ = {isa = PBXFileReference; fileEncoding = 4; lastKnownFileType = sourcecode.c.h; path = UtilitiesViewController.h; sourceTree = "<group>"; };
		8305D01C1867ECF900D75140 /* UtilitiesViewController.m */ = {isa = PBXFileReference; fileEncoding = 4; lastKnownFileType = sourcecode.c.objc; path = UtilitiesViewController.m; sourceTree = "<group>"; };
		8305D01E1867ED1A00D75140 /* MedicalViewController.h */ = {isa = PBXFileReference; fileEncoding = 4; lastKnownFileType = sourcecode.c.h; path = MedicalViewController.h; sourceTree = "<group>"; };
		8305D01F1867ED1A00D75140 /* MedicalViewController.m */ = {isa = PBXFileReference; fileEncoding = 4; lastKnownFileType = sourcecode.c.objc; path = MedicalViewController.m; sourceTree = "<group>"; };
		8305D1101869BC0D00D75140 /* SegmentViewController.h */ = {isa = PBXFileReference; fileEncoding = 4; lastKnownFileType = sourcecode.c.h; path = SegmentViewController.h; sourceTree = "<group>"; };
		8305D1111869BC0D00D75140 /* SegmentViewController.m */ = {isa = PBXFileReference; fileEncoding = 4; lastKnownFileType = sourcecode.c.objc; path = SegmentViewController.m; sourceTree = "<group>"; };
/* End PBXFileReference section */

/* Begin PBXFrameworksBuildPhase section */
		8305CF871865C15A00D75140 /* Frameworks */ = {
			isa = PBXFrameworksBuildPhase;
			buildActionMask = 2147483647;
			files = (
				8305CF901865C15A00D75140 /* CoreGraphics.framework in Frameworks */,
				8305CF921865C15A00D75140 /* UIKit.framework in Frameworks */,
				8305CF8E1865C15A00D75140 /* Foundation.framework in Frameworks */,
			);
			runOnlyForDeploymentPostprocessing = 0;
		};
		8305CFA21865C15A00D75140 /* Frameworks */ = {
			isa = PBXFrameworksBuildPhase;
			buildActionMask = 2147483647;
			files = (
				8305CFA71865C15A00D75140 /* XCTest.framework in Frameworks */,
				8305CFA91865C15A00D75140 /* UIKit.framework in Frameworks */,
				8305CFA81865C15A00D75140 /* Foundation.framework in Frameworks */,
			);
			runOnlyForDeploymentPostprocessing = 0;
		};
/* End PBXFrameworksBuildPhase section */

/* Begin PBXGroup section */
		8305CF811865C15A00D75140 = {
			isa = PBXGroup;
			children = (
				8305D1101869BC0D00D75140 /* SegmentViewController.h */,
				8305D1111869BC0D00D75140 /* SegmentViewController.m */,
				8305D01E1867ED1A00D75140 /* MedicalViewController.h */,
				8305D01F1867ED1A00D75140 /* MedicalViewController.m */,
				8305D01B1867ECF900D75140 /* UtilitiesViewController.h */,
				8305D01C1867ECF900D75140 /* UtilitiesViewController.m */,
				8305D0181867DA8D00D75140 /* RegionalViewCell.h */,
				8305D0191867DA8D00D75140 /* RegionalViewCell.m */,
				8305D0151867031400D75140 /* RegionalData.h */,
				8305D0161867031400D75140 /* RegionalData.m */,
				8305D012186702AA00D75140 /* RegionalViewController.h */,
				8305D013186702AA00D75140 /* RegionalViewController.m */,
				8305D006186662E100D75140 /* Region.h */,
				8305D007186662E100D75140 /* Region.m */,
				8305D0031866618200D75140 /* RegionsViewController.h */,
				8305D0041866618200D75140 /* RegionsViewController.m */,
				8305D00218665F6200D75140 /* images */,
				8305CFBC1865C1D800D75140 /* CIFStoryboard.storyboard */,
				8305CF931865C15A00D75140 /* CriticalInfrastructureFramework */,
				8305CFAC1865C15A00D75140 /* CriticalInfrastructureFrameworkTests */,
				8305CF8C1865C15A00D75140 /* Frameworks */,
				8305CF8B1865C15A00D75140 /* Products */,
			);
			sourceTree = "<group>";
		};
		8305CF8B1865C15A00D75140 /* Products */ = {
			isa = PBXGroup;
			children = (
				8305CF8A1865C15A00D75140 /* CriticalInfrastructureFramework.app */,
				8305CFA51865C15A00D75140 /* CriticalInfrastructureFrameworkTests.xctest */,
			);
			name = Products;
			sourceTree = "<group>";
		};
		8305CF8C1865C15A00D75140 /* Frameworks */ = {
			isa = PBXGroup;
			children = (
				8305CF8D1865C15A00D75140 /* Foundation.framework */,
				8305CF8F1865C15A00D75140 /* CoreGraphics.framework */,
				8305CF911865C15A00D75140 /* UIKit.framework */,
				8305CFA61865C15A00D75140 /* XCTest.framework */,
			);
			name = Frameworks;
			sourceTree = "<group>";
		};
		8305CF931865C15A00D75140 /* CriticalInfrastructureFramework */ = {
			isa = PBXGroup;
			children = (
				8305CF9C1865C15A00D75140 /* AppDelegate.h */,
				8305CF9D1865C15A00D75140 /* AppDelegate.m */,
				8305CF9F1865C15A00D75140 /* Images.xcassets */,
				8305CF941865C15A00D75140 /* Supporting Files */,
			);
			path = CriticalInfrastructureFramework;
			sourceTree = "<group>";
		};
		8305CF941865C15A00D75140 /* Supporting Files */ = {
			isa = PBXGroup;
			children = (
				8305CF951865C15A00D75140 /* CriticalInfrastructureFramework-Info.plist */,
				8305CF961865C15A00D75140 /* InfoPlist.strings */,
				8305CF991865C15A00D75140 /* main.m */,
				8305CF9B1865C15A00D75140 /* CriticalInfrastructureFramework-Prefix.pch */,
			);
			name = "Supporting Files";
			sourceTree = "<group>";
		};
		8305CFAC1865C15A00D75140 /* CriticalInfrastructureFrameworkTests */ = {
			isa = PBXGroup;
			children = (
				8305CFB21865C15A00D75140 /* CriticalInfrastructureFrameworkTests.m */,
				8305CFAD1865C15A00D75140 /* Supporting Files */,
			);
			path = CriticalInfrastructureFrameworkTests;
			sourceTree = "<group>";
		};
		8305CFAD1865C15A00D75140 /* Supporting Files */ = {
			isa = PBXGroup;
			children = (
				8305CFAE1865C15A00D75140 /* CriticalInfrastructureFrameworkTests-Info.plist */,
				8305CFAF1865C15A00D75140 /* InfoPlist.strings */,
			);
			name = "Supporting Files";
			sourceTree = "<group>";
		};
		8305D00218665F6200D75140 /* images */ = {
			isa = PBXGroup;
			children = (
			);
			path = images;
			sourceTree = "<group>";
		};
/* End PBXGroup section */

/* Begin PBXNativeTarget section */
		8305CF891865C15A00D75140 /* CriticalInfrastructureFramework */ = {
			isa = PBXNativeTarget;
			buildConfigurationList = 8305CFB61865C15A00D75140 /* Build configuration list for PBXNativeTarget "CriticalInfrastructureFramework" */;
			buildPhases = (
				8305CF861865C15A00D75140 /* Sources */,
				8305CF871865C15A00D75140 /* Frameworks */,
				8305CF881865C15A00D75140 /* Resources */,
			);
			buildRules = (
			);
			dependencies = (
			);
			name = CriticalInfrastructureFramework;
			productName = CriticalInfrastructureFramework;
			productReference = 8305CF8A1865C15A00D75140 /* CriticalInfrastructureFramework.app */;
			productType = "com.apple.product-type.application";
		};
		8305CFA41865C15A00D75140 /* CriticalInfrastructureFrameworkTests */ = {
			isa = PBXNativeTarget;
			buildConfigurationList = 8305CFB91865C15A00D75140 /* Build configuration list for PBXNativeTarget "CriticalInfrastructureFrameworkTests" */;
			buildPhases = (
				8305CFA11865C15A00D75140 /* Sources */,
				8305CFA21865C15A00D75140 /* Frameworks */,
				8305CFA31865C15A00D75140 /* Resources */,
			);
			buildRules = (
			);
			dependencies = (
				8305CFAB1865C15A00D75140 /* PBXTargetDependency */,
			);
			name = CriticalInfrastructureFrameworkTests;
			productName = CriticalInfrastructureFrameworkTests;
			productReference = 8305CFA51865C15A00D75140 /* CriticalInfrastructureFrameworkTests.xctest */;
			productType = "com.apple.product-type.bundle.unit-test";
		};
/* End PBXNativeTarget section */

/* Begin PBXProject section */
		8305CF821865C15A00D75140 /* Project object */ = {
			isa = PBXProject;
			attributes = {
				LastUpgradeCheck = 0500;
				ORGANIZATIONNAME = "Wendy-Anne Daniel";
				TargetAttributes = {
					8305CFA41865C15A00D75140 = {
						TestTargetID = 8305CF891865C15A00D75140;
					};
				};
			};
			buildConfigurationList = 8305CF851865C15A00D75140 /* Build configuration list for PBXProject "CriticalInfrastructureFramework" */;
			compatibilityVersion = "Xcode 3.2";
			developmentRegion = English;
			hasScannedForEncodings = 0;
			knownRegions = (
				en,
			);
			mainGroup = 8305CF811865C15A00D75140;
			productRefGroup = 8305CF8B1865C15A00D75140 /* Products */;
			projectDirPath = "";
			projectRoot = "";
			targets = (
				8305CF891865C15A00D75140 /* CriticalInfrastructureFramework */,
				8305CFA41865C15A00D75140 /* CriticalInfrastructureFrameworkTests */,
			);
		};
/* End PBXProject section */

/* Begin PBXResourcesBuildPhase section */
		8305CF881865C15A00D75140 /* Resources */ = {
			isa = PBXResourcesBuildPhase;
			buildActionMask = 2147483647;
			files = (
				8305CFBD1865C1D800D75140 /* CIFStoryboard.storyboard in Resources */,
				8305CF981865C15A00D75140 /* InfoPlist.strings in Resources */,
				8305CFA01865C15A00D75140 /* Images.xcassets in Resources */,
			);
			runOnlyForDeploymentPostprocessing = 0;
		};
		8305CFA31865C15A00D75140 /* Resources */ = {
			isa = PBXResourcesBuildPhase;
			buildActionMask = 2147483647;
			files = (
				8305CFB11865C15A00D75140 /* InfoPlist.strings in Resources */,
			);
			runOnlyForDeploymentPostprocessing = 0;
		};
/* End PBXResourcesBuildPhase section */

/* Begin PBXSourcesBuildPhase section */
		8305CF861865C15A00D75140 /* Sources */ = {
			isa = PBXSourcesBuildPhase;
			buildActionMask = 2147483647;
			files = (
				8305D0051866618300D75140 /* RegionsViewController.m in Sources */,
				8305CF9E1865C15A00D75140 /* AppDelegate.m in Sources */,
				8305D0201867ED1A00D75140 /* MedicalViewController.m in Sources */,
				8305D01A1867DA8D00D75140 /* RegionalViewCell.m in Sources */,
				8305D0171867031400D75140 /* RegionalData.m in Sources */,
				8305CF9A1865C15A00D75140 /* main.m in Sources */,
				8305D008186662E100D75140 /* Region.m in Sources */,
				8305D014186702AA00D75140 /* RegionalViewController.m in Sources */,
				8305D1121869BC0D00D75140 /* SegmentViewController.m in Sources */,
				8305D01D1867ECF900D75140 /* UtilitiesViewController.m in Sources */,
			);
			runOnlyForDeploymentPostprocessing = 0;
		};
		8305CFA11865C15A00D75140 /* Sources */ = {
			isa = PBXSourcesBuildPhase;
			buildActionMask = 2147483647;
			files = (
				8305CFB31865C15A00D75140 /* CriticalInfrastructureFrameworkTests.m in Sources */,
			);
			runOnlyForDeploymentPostprocessing = 0;
		};
/* End PBXSourcesBuildPhase section */

/* Begin PBXTargetDependency section */
		8305CFAB1865C15A00D75140 /* PBXTargetDependency */ = {
			isa = PBXTargetDependency;
			target = 8305CF891865C15A00D75140 /* CriticalInfrastructureFramework */;
			targetProxy = 8305CFAA1865C15A00D75140 /* PBXContainerItemProxy */;
		};
/* End PBXTargetDependency section */

/* Begin PBXVariantGroup section */
		8305CF961865C15A00D75140 /* InfoPlist.strings */ = {
			isa = PBXVariantGroup;
			children = (
				8305CF971865C15A00D75140 /* en */,
			);
			name = InfoPlist.strings;
			sourceTree = "<group>";
		};
		8305CFAF1865C15A00D75140 /* InfoPlist.strings */ = {
			isa = PBXVariantGroup;
			children = (
				8305CFB01865C15A00D75140 /* en */,
			);
			name = InfoPlist.strings;
			sourceTree = "<group>";
		};
/* End PBXVariantGroup section */

/* Begin XCBuildConfiguration section */
		8305CFB41865C15A00D75140 /* Debug */ = {
			isa = XCBuildConfiguration;
			buildSettings = {
				ALWAYS_SEARCH_USER_PATHS = NO;
				ARCHS = "$(ARCHS_STANDARD_INCLUDING_64_BIT)";
				CLANG_CXX_LANGUAGE_STANDARD = "gnu++0x";
				CLANG_CXX_LIBRARY = "libc++";
				CLANG_ENABLE_MODULES = YES;
				CLANG_ENABLE_OBJC_ARC = YES;
				CLANG_WARN_BOOL_CONVERSION = YES;
				CLANG_WARN_CONSTANT_CONVERSION = YES;
				CLANG_WARN_DIRECT_OBJC_ISA_USAGE = YES_ERROR;
				CLANG_WARN_EMPTY_BODY = YES;
				CLANG_WARN_ENUM_CONVERSION = YES;
				CLANG_WARN_INT_CONVERSION = YES;
				CLANG_WARN_OBJC_ROOT_CLASS = YES_ERROR;
				CLANG_WARN__DUPLICATE_METHOD_MATCH = YES;
				"CODE_SIGN_IDENTITY[sdk=iphoneos*]" = "iPhone Developer";
				COPY_PHASE_STRIP = NO;
				GCC_C_LANGUAGE_STANDARD = gnu99;
				GCC_DYNAMIC_NO_PIC = NO;
				GCC_OPTIMIZATION_LEVEL = 0;
				GCC_PREPROCESSOR_DEFINITIONS = (
					"DEBUG=1",
					"$(inherited)",
				);
				GCC_SYMBOLS_PRIVATE_EXTERN = NO;
				GCC_WARN_64_TO_32_BIT_CONVERSION = YES;
				GCC_WARN_ABOUT_RETURN_TYPE = YES_ERROR;
				GCC_WARN_UNDECLARED_SELECTOR = YES;
				GCC_WARN_UNINITIALIZED_AUTOS = YES;
				GCC_WARN_UNUSED_FUNCTION = YES;
				GCC_WARN_UNUSED_VARIABLE = YES;
				IPHONEOS_DEPLOYMENT_TARGET = 7.0;
				ONLY_ACTIVE_ARCH = YES;
				SDKROOT = iphoneos;
			};
			name = Debug;
		};
		8305CFB51865C15A00D75140 /* Release */ = {
			isa = XCBuildConfiguration;
			buildSettings = {
				ALWAYS_SEARCH_USER_PATHS = NO;
				ARCHS = "$(ARCHS_STANDARD_INCLUDING_64_BIT)";
				CLANG_CXX_LANGUAGE_STANDARD = "gnu++0x";
				CLANG_CXX_LIBRARY = "libc++";
				CLANG_ENABLE_MODULES = YES;
				CLANG_ENABLE_OBJC_ARC = YES;
				CLANG_WARN_BOOL_CONVERSION = YES;
				CLANG_WARN_CONSTANT_CONVERSION = YES;
				CLANG_WARN_DIRECT_OBJC_ISA_USAGE = YES_ERROR;
				CLANG_WARN_EMPTY_BODY = YES;
				CLANG_WARN_ENUM_CONVERSION = YES;
				CLANG_WARN_INT_CONVERSION = YES;
				CLANG_WARN_OBJC_ROOT_CLASS = YES_ERROR;
				CLANG_WARN__DUPLICATE_METHOD_MATCH = YES;
				"CODE_SIGN_IDENTITY[sdk=iphoneos*]" = "iPhone Developer";
				COPY_PHASE_STRIP = YES;
				ENABLE_NS_ASSERTIONS = NO;
				GCC_C_LANGUAGE_STANDARD = gnu99;
				GCC_WARN_64_TO_32_BIT_CONVERSION = YES;
				GCC_WARN_ABOUT_RETURN_TYPE = YES_ERROR;
				GCC_WARN_UNDECLARED_SELECTOR = YES;
				GCC_WARN_UNINITIALIZED_AUTOS = YES;
				GCC_WARN_UNUSED_FUNCTION = YES;
				GCC_WARN_UNUSED_VARIABLE = YES;
				IPHONEOS_DEPLOYMENT_TARGET = 7.0;
				SDKROOT = iphoneos;
				VALIDATE_PRODUCT = YES;
			};
			name = Release;
		};
		8305CFB71865C15A00D75140 /* Debug */ = {
			isa = XCBuildConfiguration;
			buildSettings = {
				ASSETCATALOG_COMPILER_APPICON_NAME = AppIcon;
				ASSETCATALOG_COMPILER_LAUNCHIMAGE_NAME = LaunchImage;
				GCC_PRECOMPILE_PREFIX_HEADER = YES;
				GCC_PREFIX_HEADER = "CriticalInfrastructureFramework/CriticalInfrastructureFramework-Prefix.pch";
				INFOPLIST_FILE = "CriticalInfrastructureFramework/CriticalInfrastructureFramework-Info.plist";
				PRODUCT_NAME = "$(TARGET_NAME)";
				WRAPPER_EXTENSION = app;
			};
			name = Debug;
		};
		8305CFB81865C15A00D75140 /* Release */ = {
			isa = XCBuildConfiguration;
			buildSettings = {
				ASSETCATALOG_COMPILER_APPICON_NAME = AppIcon;
				ASSETCATALOG_COMPILER_LAUNCHIMAGE_NAME = LaunchImage;
				GCC_PRECOMPILE_PREFIX_HEADER = YES;
				GCC_PREFIX_HEADER = "CriticalInfrastructureFramework/CriticalInfrastructureFramework-Prefix.pch";
				INFOPLIST_FILE = "CriticalInfrastructureFramework/CriticalInfrastructureFramework-Info.plist";
				PRODUCT_NAME = "$(TARGET_NAME)";
				WRAPPER_EXTENSION = app;
			};
			name = Release;
		};
		8305CFBA1865C15A00D75140 /* Debug */ = {
			isa = XCBuildConfiguration;
			buildSettings = {
				ARCHS = "$(ARCHS_STANDARD_INCLUDING_64_BIT)";
				BUNDLE_LOADER = "$(BUILT_PRODUCTS_DIR)/CriticalInfrastructureFramework.app/CriticalInfrastructureFramework";
				FRAMEWORK_SEARCH_PATHS = (
					"$(SDKROOT)/Developer/Library/Frameworks",
					"$(inherited)",
					"$(DEVELOPER_FRAMEWORKS_DIR)",
				);
				GCC_PRECOMPILE_PREFIX_HEADER = YES;
				GCC_PREFIX_HEADER = "CriticalInfrastructureFramework/CriticalInfrastructureFramework-Prefix.pch";
				GCC_PREPROCESSOR_DEFINITIONS = (
					"DEBUG=1",
					"$(inherited)",
				);
				INFOPLIST_FILE = "CriticalInfrastructureFrameworkTests/CriticalInfrastructureFrameworkTests-Info.plist";
				PRODUCT_NAME = "$(TARGET_NAME)";
				TEST_HOST = "$(BUNDLE_LOADER)";
				WRAPPER_EXTENSION = xctest;
			};
			name = Debug;
		};
		8305CFBB1865C15A00D75140 /* Release */ = {
			isa = XCBuildConfiguration;
			buildSettings = {
				ARCHS = "$(ARCHS_STANDARD_INCLUDING_64_BIT)";
				BUNDLE_LOADER = "$(BUILT_PRODUCTS_DIR)/CriticalInfrastructureFramework.app/CriticalInfrastructureFramework";
				FRAMEWORK_SEARCH_PATHS = (
					"$(SDKROOT)/Developer/Library/Frameworks",
					"$(inherited)",
					"$(DEVELOPER_FRAMEWORKS_DIR)",
				);
				GCC_PRECOMPILE_PREFIX_HEADER = YES;
				GCC_PREFIX_HEADER = "CriticalInfrastructureFramework/CriticalInfrastructureFramework-Prefix.pch";
				INFOPLIST_FILE = "CriticalInfrastructureFrameworkTests/CriticalInfrastructureFrameworkTests-Info.plist";
				PRODUCT_NAME = "$(TARGET_NAME)";
				TEST_HOST = "$(BUNDLE_LOADER)";
				WRAPPER_EXTENSION = xctest;
			};
			name = Release;
		};
/* End XCBuildConfiguration section */

/* Begin XCConfigurationList section */
		8305CF851865C15A00D75140 /* Build configuration list for PBXProject "CriticalInfrastructureFramework" */ = {
			isa = XCConfigurationList;
			buildConfigurations = (
				8305CFB41865C15A00D75140 /* Debug */,
				8305CFB51865C15A00D75140 /* Release */,
			);
			defaultConfigurationIsVisible = 0;
			defaultConfigurationName = Release;
		};
		8305CFB61865C15A00D75140 /* Build configuration list for PBXNativeTarget "CriticalInfrastructureFramework" */ = {
			isa = XCConfigurationList;
			buildConfigurations = (
				8305CFB71865C15A00D75140 /* Debug */,
				8305CFB81865C15A00D75140 /* Release */,
			);
			defaultConfigurationIsVisible = 0;
		};
		8305CFB91865C15A00D75140 /* Build configuration list for PBXNativeTarget "CriticalInfrastructureFrameworkTests" */ = {
			isa = XCConfigurationList;
			buildConfigurations = (
				8305CFBA1865C15A00D75140 /* Debug */,
				8305CFBB1865C15A00D75140 /* Release */,
			);
			defaultConfigurationIsVisible = 0;
		};
/* End XCConfigurationList section */
	};
	rootObject = 8305CF821865C15A00D75140 /* Project object */;
}
